// !$*UTF8*$!
{
	archiveVersion = 1;
	classes = {
	};
	objectVersion = 56;
	objects = {

/* Begin PBXBuildFile section */
		DB37C59A2C73D07300D38BFC /* ContactsApp.swift in Sources */ = {isa = PBXBuildFile; fileRef = DB37C5992C73D07300D38BFC /* ContactsApp.swift */; };
		DB37C59E2C73D07400D38BFC /* Assets.xcassets in Resources */ = {isa = PBXBuildFile; fileRef = DB37C59D2C73D07400D38BFC /* Assets.xcassets */; };
		DB37C5A12C73D07400D38BFC /* Preview Assets.xcassets in Resources */ = {isa = PBXBuildFile; fileRef = DB37C5A02C73D07400D38BFC /* Preview Assets.xcassets */; };
		DB37C5AB2C73D07400D38BFC /* ContactsAppTests.swift in Sources */ = {isa = PBXBuildFile; fileRef = DB37C5AA2C73D07400D38BFC /* ContactsAppTests.swift */; };
		DB37C5C52C73E02800D38BFC /* ContactsFeature.swift in Sources */ = {isa = PBXBuildFile; fileRef = DB37C5C42C73E02800D38BFC /* ContactsFeature.swift */; };
		DB37C5C82C73E04800D38BFC /* ComposableArchitecture in Frameworks */ = {isa = PBXBuildFile; productRef = DB37C5C72C73E04800D38BFC /* ComposableArchitecture */; };
		DB37C5CB2C73E1A500D38BFC /* ContactsView.swift in Sources */ = {isa = PBXBuildFile; fileRef = DB37C5CA2C73E1A500D38BFC /* ContactsView.swift */; };
		DB37C5CD2C73E39100D38BFC /* AddContactFeature.swift in Sources */ = {isa = PBXBuildFile; fileRef = DB37C5CC2C73E39100D38BFC /* AddContactFeature.swift */; };
		DB37C5CF2C73E42500D38BFC /* AddContactView.swift in Sources */ = {isa = PBXBuildFile; fileRef = DB37C5CE2C73E42500D38BFC /* AddContactView.swift */; };
/* End PBXBuildFile section */

/* Begin PBXContainerItemProxy section */
		DB37C5A72C73D07400D38BFC /* PBXContainerItemProxy */ = {
			isa = PBXContainerItemProxy;
			containerPortal = DB37C58E2C73D07300D38BFC /* Project object */;
			proxyType = 1;
			remoteGlobalIDString = DB37C5952C73D07300D38BFC;
			remoteInfo = ContactsApp;
		};
/* End PBXContainerItemProxy section */

/* Begin PBXFileReference section */
		DB37C5962C73D07300D38BFC /* ContactsApp.app */ = {isa = PBXFileReference; explicitFileType = wrapper.application; includeInIndex = 0; path = ContactsApp.app; sourceTree = BUILT_PRODUCTS_DIR; };
		DB37C5992C73D07300D38BFC /* ContactsApp.swift */ = {isa = PBXFileReference; lastKnownFileType = sourcecode.swift; path = ContactsApp.swift; sourceTree = "<group>"; };
		DB37C59D2C73D07400D38BFC /* Assets.xcassets */ = {isa = PBXFileReference; lastKnownFileType = folder.assetcatalog; path = Assets.xcassets; sourceTree = "<group>"; };
		DB37C5A02C73D07400D38BFC /* Preview Assets.xcassets */ = {isa = PBXFileReference; lastKnownFileType = folder.assetcatalog; path = "Preview Assets.xcassets"; sourceTree = "<group>"; };
		DB37C5A62C73D07400D38BFC /* ContactsAppTests.xctest */ = {isa = PBXFileReference; explicitFileType = wrapper.cfbundle; includeInIndex = 0; path = ContactsAppTests.xctest; sourceTree = BUILT_PRODUCTS_DIR; };
		DB37C5AA2C73D07400D38BFC /* ContactsAppTests.swift */ = {isa = PBXFileReference; lastKnownFileType = sourcecode.swift; path = ContactsAppTests.swift; sourceTree = "<group>"; };
		DB37C5C42C73E02800D38BFC /* ContactsFeature.swift */ = {isa = PBXFileReference; lastKnownFileType = sourcecode.swift; path = ContactsFeature.swift; sourceTree = "<group>"; };
		DB37C5CA2C73E1A500D38BFC /* ContactsView.swift */ = {isa = PBXFileReference; lastKnownFileType = sourcecode.swift; path = ContactsView.swift; sourceTree = "<group>"; };
		DB37C5CC2C73E39100D38BFC /* AddContactFeature.swift */ = {isa = PBXFileReference; lastKnownFileType = sourcecode.swift; path = AddContactFeature.swift; sourceTree = "<group>"; };
		DB37C5CE2C73E42500D38BFC /* AddContactView.swift */ = {isa = PBXFileReference; lastKnownFileType = sourcecode.swift; path = AddContactView.swift; sourceTree = "<group>"; };
/* End PBXFileReference section */

/* Begin PBXFrameworksBuildPhase section */
		DB37C5932C73D07300D38BFC /* Frameworks */ = {
			isa = PBXFrameworksBuildPhase;
			buildActionMask = 2147483647;
			files = (
				DB37C5C82C73E04800D38BFC /* ComposableArchitecture in Frameworks */,
			);
			runOnlyForDeploymentPostprocessing = 0;
		};
		DB37C5A32C73D07400D38BFC /* Frameworks */ = {
			isa = PBXFrameworksBuildPhase;
			buildActionMask = 2147483647;
			files = (
			);
			runOnlyForDeploymentPostprocessing = 0;
		};
/* End PBXFrameworksBuildPhase section */

/* Begin PBXGroup section */
		DB37C58D2C73D07300D38BFC = {
			isa = PBXGroup;
			children = (
				DB37C5982C73D07300D38BFC /* ContactsApp */,
				DB37C5A92C73D07400D38BFC /* ContactsAppTests */,
				DB37C5972C73D07300D38BFC /* Products */,
			);
			sourceTree = "<group>";
		};
		DB37C5972C73D07300D38BFC /* Products */ = {
			isa = PBXGroup;
			children = (
				DB37C5962C73D07300D38BFC /* ContactsApp.app */,
				DB37C5A62C73D07400D38BFC /* ContactsAppTests.xctest */,
			);
			name = Products;
			sourceTree = "<group>";
		};
		DB37C5982C73D07300D38BFC /* ContactsApp */ = {
			isa = PBXGroup;
			children = (
				DB37C5992C73D07300D38BFC /* ContactsApp.swift */,
				DB37C5C92C73E19600D38BFC /* View */,
				DB37C5C32C73E01900D38BFC /* Feature */,
				DB37C59D2C73D07400D38BFC /* Assets.xcassets */,
				DB37C59F2C73D07400D38BFC /* Preview Content */,
			);
			path = ContactsApp;
			sourceTree = "<group>";
		};
		DB37C59F2C73D07400D38BFC /* Preview Content */ = {
			isa = PBXGroup;
			children = (
				DB37C5A02C73D07400D38BFC /* Preview Assets.xcassets */,
			);
			path = "Preview Content";
			sourceTree = "<group>";
		};
		DB37C5A92C73D07400D38BFC /* ContactsAppTests */ = {
			isa = PBXGroup;
			children = (
				DB37C5AA2C73D07400D38BFC /* ContactsAppTests.swift */,
			);
			path = ContactsAppTests;
			sourceTree = "<group>";
		};
		DB37C5C32C73E01900D38BFC /* Feature */ = {
			isa = PBXGroup;
			children = (
				DB37C5C42C73E02800D38BFC /* ContactsFeature.swift */,
				DB37C5CC2C73E39100D38BFC /* AddContactFeature.swift */,
			);
			path = Feature;
			sourceTree = "<group>";
		};
		DB37C5C92C73E19600D38BFC /* View */ = {
			isa = PBXGroup;
			children = (
				DB37C5CA2C73E1A500D38BFC /* ContactsView.swift */,
				DB37C5CE2C73E42500D38BFC /* AddContactView.swift */,
			);
			path = View;
			sourceTree = "<group>";
		};
/* End PBXGroup section */

/* Begin PBXNativeTarget section */
		DB37C5952C73D07300D38BFC /* ContactsApp */ = {
			isa = PBXNativeTarget;
			buildConfigurationList = DB37C5BA2C73D07400D38BFC /* Build configuration list for PBXNativeTarget "ContactsApp" */;
			buildPhases = (
				DB37C5922C73D07300D38BFC /* Sources */,
				DB37C5932C73D07300D38BFC /* Frameworks */,
				DB37C5942C73D07300D38BFC /* Resources */,
			);
			buildRules = (
			);
			dependencies = (
			);
			name = ContactsApp;
			packageProductDependencies = (
				DB37C5C72C73E04800D38BFC /* ComposableArchitecture */,
			);
			productName = ContactsApp;
			productReference = DB37C5962C73D07300D38BFC /* ContactsApp.app */;
			productType = "com.apple.product-type.application";
		};
		DB37C5A52C73D07400D38BFC /* ContactsAppTests */ = {
			isa = PBXNativeTarget;
			buildConfigurationList = DB37C5BD2C73D07400D38BFC /* Build configuration list for PBXNativeTarget "ContactsAppTests" */;
			buildPhases = (
				DB37C5A22C73D07400D38BFC /* Sources */,
				DB37C5A32C73D07400D38BFC /* Frameworks */,
				DB37C5A42C73D07400D38BFC /* Resources */,
			);
			buildRules = (
			);
			dependencies = (
				DB37C5A82C73D07400D38BFC /* PBXTargetDependency */,
			);
			name = ContactsAppTests;
			productName = ContactsAppTests;
			productReference = DB37C5A62C73D07400D38BFC /* ContactsAppTests.xctest */;
			productType = "com.apple.product-type.bundle.unit-test";
		};
/* End PBXNativeTarget section */

/* Begin PBXProject section */
		DB37C58E2C73D07300D38BFC /* Project object */ = {
			isa = PBXProject;
			attributes = {
				BuildIndependentTargetsInParallel = 1;
				LastSwiftUpdateCheck = 1540;
				LastUpgradeCheck = 1540;
				TargetAttributes = {
					DB37C5952C73D07300D38BFC = {
						CreatedOnToolsVersion = 15.4;
					};
					DB37C5A52C73D07400D38BFC = {
						CreatedOnToolsVersion = 15.4;
						TestTargetID = DB37C5952C73D07300D38BFC;
					};
				};
			};
			buildConfigurationList = DB37C5912C73D07300D38BFC /* Build configuration list for PBXProject "ContactsApp" */;
			compatibilityVersion = "Xcode 14.0";
			developmentRegion = en;
			hasScannedForEncodings = 0;
			knownRegions = (
				en,
				Base,
			);
			mainGroup = DB37C58D2C73D07300D38BFC;
			packageReferences = (
				DB37C5C62C73E04800D38BFC /* XCRemoteSwiftPackageReference "swift-composable-architecture" */,
			);
			productRefGroup = DB37C5972C73D07300D38BFC /* Products */;
			projectDirPath = "";
			projectRoot = "";
			targets = (
				DB37C5952C73D07300D38BFC /* ContactsApp */,
				DB37C5A52C73D07400D38BFC /* ContactsAppTests */,
			);
		};
/* End PBXProject section */

/* Begin PBXResourcesBuildPhase section */
		DB37C5942C73D07300D38BFC /* Resources */ = {
			isa = PBXResourcesBuildPhase;
			buildActionMask = 2147483647;
			files = (
				DB37C5A12C73D07400D38BFC /* Preview Assets.xcassets in Resources */,
				DB37C59E2C73D07400D38BFC /* Assets.xcassets in Resources */,
			);
			runOnlyForDeploymentPostprocessing = 0;
		};
		DB37C5A42C73D07400D38BFC /* Resources */ = {
			isa = PBXResourcesBuildPhase;
			buildActionMask = 2147483647;
			files = (
			);
			runOnlyForDeploymentPostprocessing = 0;
		};
/* End PBXResourcesBuildPhase section */

/* Begin PBXSourcesBuildPhase section */
		DB37C5922C73D07300D38BFC /* Sources */ = {
			isa = PBXSourcesBuildPhase;
			buildActionMask = 2147483647;
			files = (
				DB37C5CB2C73E1A500D38BFC /* ContactsView.swift in Sources */,
				DB37C5CF2C73E42500D38BFC /* AddContactView.swift in Sources */,
				DB37C59A2C73D07300D38BFC /* ContactsApp.swift in Sources */,
				DB37C5C52C73E02800D38BFC /* ContactsFeature.swift in Sources */,
				DB37C5CD2C73E39100D38BFC /* AddContactFeature.swift in Sources */,
			);
			runOnlyForDeploymentPostprocessing = 0;
		};
		DB37C5A22C73D07400D38BFC /* Sources */ = {
			isa = PBXSourcesBuildPhase;
			buildActionMask = 2147483647;
			files = (
				DB37C5AB2C73D07400D38BFC /* ContactsAppTests.swift in Sources */,
			);
			runOnlyForDeploymentPostprocessing = 0;
		};
/* End PBXSourcesBuildPhase section */

/* Begin PBXTargetDependency section */
		DB37C5A82C73D07400D38BFC /* PBXTargetDependency */ = {
			isa = PBXTargetDependency;
			target = DB37C5952C73D07300D38BFC /* ContactsApp */;
			targetProxy = DB37C5A72C73D07400D38BFC /* PBXContainerItemProxy */;
		};
/* End PBXTargetDependency section */

/* Begin XCBuildConfiguration section */
		DB37C5B82C73D07400D38BFC /* Debug */ = {
			isa = XCBuildConfiguration;
			buildSettings = {
				ALWAYS_SEARCH_USER_PATHS = NO;
				ASSETCATALOG_COMPILER_GENERATE_SWIFT_ASSET_SYMBOL_EXTENSIONS = YES;
				CLANG_ANALYZER_NONNULL = YES;
				CLANG_ANALYZER_NUMBER_OBJECT_CONVERSION = YES_AGGRESSIVE;
				CLANG_CXX_LANGUAGE_STANDARD = "gnu++20";
				CLANG_ENABLE_MODULES = YES;
				CLANG_ENABLE_OBJC_ARC = YES;
				CLANG_ENABLE_OBJC_WEAK = YES;
				CLANG_WARN_BLOCK_CAPTURE_AUTORELEASING = YES;
				CLANG_WARN_BOOL_CONVERSION = YES;
				CLANG_WARN_COMMA = YES;
				CLANG_WARN_CONSTANT_CONVERSION = YES;
				CLANG_WARN_DEPRECATED_OBJC_IMPLEMENTATIONS = YES;
				CLANG_WARN_DIRECT_OBJC_ISA_USAGE = YES_ERROR;
				CLANG_WARN_DOCUMENTATION_COMMENTS = YES;
				CLANG_WARN_EMPTY_BODY = YES;
				CLANG_WARN_ENUM_CONVERSION = YES;
				CLANG_WARN_INFINITE_RECURSION = YES;
				CLANG_WARN_INT_CONVERSION = YES;
				CLANG_WARN_NON_LITERAL_NULL_CONVERSION = YES;
				CLANG_WARN_OBJC_IMPLICIT_RETAIN_SELF = YES;
				CLANG_WARN_OBJC_LITERAL_CONVERSION = YES;
				CLANG_WARN_OBJC_ROOT_CLASS = YES_ERROR;
				CLANG_WARN_QUOTED_INCLUDE_IN_FRAMEWORK_HEADER = YES;
				CLANG_WARN_RANGE_LOOP_ANALYSIS = YES;
				CLANG_WARN_STRICT_PROTOTYPES = YES;
				CLANG_WARN_SUSPICIOUS_MOVE = YES;
				CLANG_WARN_UNGUARDED_AVAILABILITY = YES_AGGRESSIVE;
				CLANG_WARN_UNREACHABLE_CODE = YES;
				CLANG_WARN__DUPLICATE_METHOD_MATCH = YES;
				COPY_PHASE_STRIP = NO;
				DEBUG_INFORMATION_FORMAT = dwarf;
				ENABLE_STRICT_OBJC_MSGSEND = YES;
				ENABLE_TESTABILITY = YES;
				ENABLE_USER_SCRIPT_SANDBOXING = YES;
				GCC_C_LANGUAGE_STANDARD = gnu17;
				GCC_DYNAMIC_NO_PIC = NO;
				GCC_NO_COMMON_BLOCKS = YES;
				GCC_OPTIMIZATION_LEVEL = 0;
				GCC_PREPROCESSOR_DEFINITIONS = (
					"DEBUG=1",
					"$(inherited)",
				);
				GCC_WARN_64_TO_32_BIT_CONVERSION = YES;
				GCC_WARN_ABOUT_RETURN_TYPE = YES_ERROR;
				GCC_WARN_UNDECLARED_SELECTOR = YES;
				GCC_WARN_UNINITIALIZED_AUTOS = YES_AGGRESSIVE;
				GCC_WARN_UNUSED_FUNCTION = YES;
				GCC_WARN_UNUSED_VARIABLE = YES;
				IPHONEOS_DEPLOYMENT_TARGET = 16.0;
				LOCALIZATION_PREFERS_STRING_CATALOGS = YES;
				MTL_ENABLE_DEBUG_INFO = INCLUDE_SOURCE;
				MTL_FAST_MATH = YES;
				ONLY_ACTIVE_ARCH = YES;
				SDKROOT = iphoneos;
				SWIFT_ACTIVE_COMPILATION_CONDITIONS = "DEBUG $(inherited)";
				SWIFT_OPTIMIZATION_LEVEL = "-Onone";
			};
			name = Debug;
		};
		DB37C5B92C73D07400D38BFC /* Release */ = {
			isa = XCBuildConfiguration;
			buildSettings = {
				ALWAYS_SEARCH_USER_PATHS = NO;
				ASSETCATALOG_COMPILER_GENERATE_SWIFT_ASSET_SYMBOL_EXTENSIONS = YES;
				CLANG_ANALYZER_NONNULL = YES;
				CLANG_ANALYZER_NUMBER_OBJECT_CONVERSION = YES_AGGRESSIVE;
				CLANG_CXX_LANGUAGE_STANDARD = "gnu++20";
				CLANG_ENABLE_MODULES = YES;
				CLANG_ENABLE_OBJC_ARC = YES;
				CLANG_ENABLE_OBJC_WEAK = YES;
				CLANG_WARN_BLOCK_CAPTURE_AUTORELEASING = YES;
				CLANG_WARN_BOOL_CONVERSION = YES;
				CLANG_WARN_COMMA = YES;
				CLANG_WARN_CONSTANT_CONVERSION = YES;
				CLANG_WARN_DEPRECATED_OBJC_IMPLEMENTATIONS = YES;
				CLANG_WARN_DIRECT_OBJC_ISA_USAGE = YES_ERROR;
				CLANG_WARN_DOCUMENTATION_COMMENTS = YES;
				CLANG_WARN_EMPTY_BODY = YES;
				CLANG_WARN_ENUM_CONVERSION = YES;
				CLANG_WARN_INFINITE_RECURSION = YES;
				CLANG_WARN_INT_CONVERSION = YES;
				CLANG_WARN_NON_LITERAL_NULL_CONVERSION = YES;
				CLANG_WARN_OBJC_IMPLICIT_RETAIN_SELF = YES;
				CLANG_WARN_OBJC_LITERAL_CONVERSION = YES;
				CLANG_WARN_OBJC_ROOT_CLASS = YES_ERROR;
				CLANG_WARN_QUOTED_INCLUDE_IN_FRAMEWORK_HEADER = YES;
				CLANG_WARN_RANGE_LOOP_ANALYSIS = YES;
				CLANG_WARN_STRICT_PROTOTYPES = YES;
				CLANG_WARN_SUSPICIOUS_MOVE = YES;
				CLANG_WARN_UNGUARDED_AVAILABILITY = YES_AGGRESSIVE;
				CLANG_WARN_UNREACHABLE_CODE = YES;
				CLANG_WARN__DUPLICATE_METHOD_MATCH = YES;
				COPY_PHASE_STRIP = NO;
				DEBUG_INFORMATION_FORMAT = "dwarf-with-dsym";
				ENABLE_NS_ASSERTIONS = NO;
				ENABLE_STRICT_OBJC_MSGSEND = YES;
				ENABLE_USER_SCRIPT_SANDBOXING = YES;
				GCC_C_LANGUAGE_STANDARD = gnu17;
				GCC_NO_COMMON_BLOCKS = YES;
				GCC_WARN_64_TO_32_BIT_CONVERSION = YES;
				GCC_WARN_ABOUT_RETURN_TYPE = YES_ERROR;
				GCC_WARN_UNDECLARED_SELECTOR = YES;
				GCC_WARN_UNINITIALIZED_AUTOS = YES_AGGRESSIVE;
				GCC_WARN_UNUSED_FUNCTION = YES;
				GCC_WARN_UNUSED_VARIABLE = YES;
				IPHONEOS_DEPLOYMENT_TARGET = 16.0;
				LOCALIZATION_PREFERS_STRING_CATALOGS = YES;
				MTL_ENABLE_DEBUG_INFO = NO;
				MTL_FAST_MATH = YES;
				SDKROOT = iphoneos;
				SWIFT_COMPILATION_MODE = wholemodule;
				VALIDATE_PRODUCT = YES;
			};
			name = Release;
		};
		DB37C5BB2C73D07400D38BFC /* Debug */ = {
			isa = XCBuildConfiguration;
			buildSettings = {
				ASSETCATALOG_COMPILER_APPICON_NAME = AppIcon;
				ASSETCATALOG_COMPILER_GLOBAL_ACCENT_COLOR_NAME = AccentColor;
				CODE_SIGN_STYLE = Automatic;
				CURRENT_PROJECT_VERSION = 1;
				DEVELOPMENT_ASSET_PATHS = "\"ContactsApp/Preview Content\"";
				DEVELOPMENT_TEAM = AWR77X8V5R;
				ENABLE_PREVIEWS = YES;
				GENERATE_INFOPLIST_FILE = YES;
				INFOPLIST_KEY_UIApplicationSceneManifest_Generation = YES;
				INFOPLIST_KEY_UIApplicationSupportsIndirectInputEvents = YES;
				INFOPLIST_KEY_UILaunchScreen_Generation = YES;
				INFOPLIST_KEY_UISupportedInterfaceOrientations = UIInterfaceOrientationPortrait;
				INFOPLIST_KEY_UISupportedInterfaceOrientations_iPad = "UIInterfaceOrientationLandscapeLeft UIInterfaceOrientationLandscapeRight UIInterfaceOrientationPortrait UIInterfaceOrientationPortraitUpsideDown";
				LD_RUNPATH_SEARCH_PATHS = (
					"$(inherited)",
					"@executable_path/Frameworks",
				);
				MARKETING_VERSION = 1.0;
				PRODUCT_BUNDLE_IDENTIFIER = com.chmun.ContactsApp;
				PRODUCT_NAME = "$(TARGET_NAME)";
				SUPPORTED_PLATFORMS = "iphoneos iphonesimulator";
				SUPPORTS_MACCATALYST = NO;
				SUPPORTS_MAC_DESIGNED_FOR_IPHONE_IPAD = NO;
				SUPPORTS_XR_DESIGNED_FOR_IPHONE_IPAD = NO;
				SWIFT_EMIT_LOC_STRINGS = YES;
				SWIFT_VERSION = 5.0;
				TARGETED_DEVICE_FAMILY = 1;
			};
			name = Debug;
		};
		DB37C5BC2C73D07400D38BFC /* Release */ = {
			isa = XCBuildConfiguration;
			buildSettings = {
				ASSETCATALOG_COMPILER_APPICON_NAME = AppIcon;
				ASSETCATALOG_COMPILER_GLOBAL_ACCENT_COLOR_NAME = AccentColor;
				CODE_SIGN_STYLE = Automatic;
				CURRENT_PROJECT_VERSION = 1;
				DEVELOPMENT_ASSET_PATHS = "\"ContactsApp/Preview Content\"";
				DEVELOPMENT_TEAM = AWR77X8V5R;
				ENABLE_PREVIEWS = YES;
				GENERATE_INFOPLIST_FILE = YES;
				INFOPLIST_KEY_UIApplicationSceneManifest_Generation = YES;
				INFOPLIST_KEY_UIApplicationSupportsIndirectInputEvents = YES;
				INFOPLIST_KEY_UILaunchScreen_Generation = YES;
				INFOPLIST_KEY_UISupportedInterfaceOrientations = UIInterfaceOrientationPortrait;
				INFOPLIST_KEY_UISupportedInterfaceOrientations_iPad = "UIInterfaceOrientationLandscapeLeft UIInterfaceOrientationLandscapeRight UIInterfaceOrientationPortrait UIInterfaceOrientationPortraitUpsideDown";
				LD_RUNPATH_SEARCH_PATHS = (
					"$(inherited)",
					"@executable_path/Frameworks",
				);
				MARKETING_VERSION = 1.0;
				PRODUCT_BUNDLE_IDENTIFIER = com.chmun.ContactsApp;
				PRODUCT_NAME = "$(TARGET_NAME)";
				SUPPORTED_PLATFORMS = "iphoneos iphonesimulator";
				SUPPORTS_MACCATALYST = NO;
				SUPPORTS_MAC_DESIGNED_FOR_IPHONE_IPAD = NO;
				SUPPORTS_XR_DESIGNED_FOR_IPHONE_IPAD = NO;
				SWIFT_EMIT_LOC_STRINGS = YES;
				SWIFT_VERSION = 5.0;
				TARGETED_DEVICE_FAMILY = 1;
			};
			name = Release;
		};
		DB37C5BE2C73D07400D38BFC /* Debug */ = {
			isa = XCBuildConfiguration;
			buildSettings = {
				ALWAYS_EMBED_SWIFT_STANDARD_LIBRARIES = YES;
				BUNDLE_LOADER = "$(TEST_HOST)";
				CODE_SIGN_STYLE = Automatic;
				CURRENT_PROJECT_VERSION = 1;
				DEVELOPMENT_TEAM = AWR77X8V5R;
				GENERATE_INFOPLIST_FILE = YES;
				IPHONEOS_DEPLOYMENT_TARGET = 16.0;
				MARKETING_VERSION = 1.0;
				PRODUCT_BUNDLE_IDENTIFIER = com.chmun.ContactsAppTests;
				PRODUCT_NAME = "$(TARGET_NAME)";
				SUPPORTED_PLATFORMS = "iphoneos iphonesimulator";
				SUPPORTS_MACCATALYST = NO;
				SUPPORTS_MAC_DESIGNED_FOR_IPHONE_IPAD = NO;
				SUPPORTS_XR_DESIGNED_FOR_IPHONE_IPAD = NO;
				SWIFT_EMIT_LOC_STRINGS = NO;
				SWIFT_VERSION = 5.0;
				TARGETED_DEVICE_FAMILY = 1;
				TEST_HOST = "$(BUILT_PRODUCTS_DIR)/ContactsApp.app/$(BUNDLE_EXECUTABLE_FOLDER_PATH)/ContactsApp";
			};
			name = Debug;
		};
		DB37C5BF2C73D07400D38BFC /* Release */ = {
			isa = XCBuildConfiguration;
			buildSettings = {
				ALWAYS_EMBED_SWIFT_STANDARD_LIBRARIES = YES;
				BUNDLE_LOADER = "$(TEST_HOST)";
				CODE_SIGN_STYLE = Automatic;
				CURRENT_PROJECT_VERSION = 1;
				DEVELOPMENT_TEAM = AWR77X8V5R;
				GENERATE_INFOPLIST_FILE = YES;
				IPHONEOS_DEPLOYMENT_TARGET = 16.0;
				MARKETING_VERSION = 1.0;
				PRODUCT_BUNDLE_IDENTIFIER = com.chmun.ContactsAppTests;
				PRODUCT_NAME = "$(TARGET_NAME)";
				SUPPORTED_PLATFORMS = "iphoneos iphonesimulator";
				SUPPORTS_MACCATALYST = NO;
				SUPPORTS_MAC_DESIGNED_FOR_IPHONE_IPAD = NO;
				SUPPORTS_XR_DESIGNED_FOR_IPHONE_IPAD = NO;
				SWIFT_EMIT_LOC_STRINGS = NO;
				SWIFT_VERSION = 5.0;
				TARGETED_DEVICE_FAMILY = 1;
				TEST_HOST = "$(BUILT_PRODUCTS_DIR)/ContactsApp.app/$(BUNDLE_EXECUTABLE_FOLDER_PATH)/ContactsApp";
			};
			name = Release;
		};
/* End XCBuildConfiguration section */

/* Begin XCConfigurationList section */
		DB37C5912C73D07300D38BFC /* Build configuration list for PBXProject "ContactsApp" */ = {
			isa = XCConfigurationList;
			buildConfigurations = (
				DB37C5B82C73D07400D38BFC /* Debug */,
				DB37C5B92C73D07400D38BFC /* Release */,
			);
			defaultConfigurationIsVisible = 0;
			defaultConfigurationName = Release;
		};
		DB37C5BA2C73D07400D38BFC /* Build configuration list for PBXNativeTarget "ContactsApp" */ = {
			isa = XCConfigurationList;
			buildConfigurations = (
				DB37C5BB2C73D07400D38BFC /* Debug */,
				DB37C5BC2C73D07400D38BFC /* Release */,
			);
			defaultConfigurationIsVisible = 0;
			defaultConfigurationName = Release;
		};
		DB37C5BD2C73D07400D38BFC /* Build configuration list for PBXNativeTarget "ContactsAppTests" */ = {
			isa = XCConfigurationList;
			buildConfigurations = (
				DB37C5BE2C73D07400D38BFC /* Debug */,
				DB37C5BF2C73D07400D38BFC /* Release */,
			);
			defaultConfigurationIsVisible = 0;
			defaultConfigurationName = Release;
		};
/* End XCConfigurationList section */

/* Begin XCRemoteSwiftPackageReference section */
		DB37C5C62C73E04800D38BFC /* XCRemoteSwiftPackageReference "swift-composable-architecture" */ = {
			isa = XCRemoteSwiftPackageReference;
			repositoryURL = "https://github.com/pointfreeco/swift-composable-architecture.git";
			requirement = {
				kind = exactVersion;
				version = 1.10.0;
			};
		};
/* End XCRemoteSwiftPackageReference section */

/* Begin XCSwiftPackageProductDependency section */
		DB37C5C72C73E04800D38BFC /* ComposableArchitecture */ = {
			isa = XCSwiftPackageProductDependency;
			package = DB37C5C62C73E04800D38BFC /* XCRemoteSwiftPackageReference "swift-composable-architecture" */;
			productName = ComposableArchitecture;
		};
/* End XCSwiftPackageProductDependency section */
	};
	rootObject = DB37C58E2C73D07300D38BFC /* Project object */;
}
