// !$*UTF8*$!
{
	archiveVersion = 1;
	classes = {
	};
	objectVersion = 56;
	objects = {

/* Begin PBXBuildFile section */
		DBD87B752AA5CDDF009ACAB4 /* TCAScopeApp.swift in Sources */ = {isa = PBXBuildFile; fileRef = DBD87B742AA5CDDF009ACAB4 /* TCAScopeApp.swift */; };
		DBD87B772AA5CDDF009ACAB4 /* Main.swift in Sources */ = {isa = PBXBuildFile; fileRef = DBD87B762AA5CDDF009ACAB4 /* Main.swift */; };
		DBD87B792AA5CDE0009ACAB4 /* Assets.xcassets in Resources */ = {isa = PBXBuildFile; fileRef = DBD87B782AA5CDE0009ACAB4 /* Assets.xcassets */; };
		DBD87B7C2AA5CDE0009ACAB4 /* Preview Assets.xcassets in Resources */ = {isa = PBXBuildFile; fileRef = DBD87B7B2AA5CDE0009ACAB4 /* Preview Assets.xcassets */; };
		DBD87B852AA5CE3E009ACAB4 /* ComposableArchitecture in Frameworks */ = {isa = PBXBuildFile; productRef = DBD87B842AA5CE3E009ACAB4 /* ComposableArchitecture */; };
		DBD87B8F2AA6067E009ACAB4 /* TCACoordinators in Frameworks */ = {isa = PBXBuildFile; productRef = DBD87B8E2AA6067E009ACAB4 /* TCACoordinators */; };
		DBD87B922AA69D00009ACAB4 /* Sub.swift in Sources */ = {isa = PBXBuildFile; fileRef = DBD87B912AA69D00009ACAB4 /* Sub.swift */; };
/* End PBXBuildFile section */

/* Begin PBXFileReference section */
		DBD87B712AA5CDDF009ACAB4 /* TCAScope.app */ = {isa = PBXFileReference; explicitFileType = wrapper.application; includeInIndex = 0; path = TCAScope.app; sourceTree = BUILT_PRODUCTS_DIR; };
		DBD87B742AA5CDDF009ACAB4 /* TCAScopeApp.swift */ = {isa = PBXFileReference; lastKnownFileType = sourcecode.swift; path = TCAScopeApp.swift; sourceTree = "<group>"; };
		DBD87B762AA5CDDF009ACAB4 /* Main.swift */ = {isa = PBXFileReference; lastKnownFileType = sourcecode.swift; path = Main.swift; sourceTree = "<group>"; };
		DBD87B782AA5CDE0009ACAB4 /* Assets.xcassets */ = {isa = PBXFileReference; lastKnownFileType = folder.assetcatalog; path = Assets.xcassets; sourceTree = "<group>"; };
		DBD87B7B2AA5CDE0009ACAB4 /* Preview Assets.xcassets */ = {isa = PBXFileReference; lastKnownFileType = folder.assetcatalog; path = "Preview Assets.xcassets"; sourceTree = "<group>"; };
		DBD87B7D2AA5CDE0009ACAB4 /* TCAScope.entitlements */ = {isa = PBXFileReference; lastKnownFileType = text.plist.entitlements; path = TCAScope.entitlements; sourceTree = "<group>"; };
		DBD87B912AA69D00009ACAB4 /* Sub.swift */ = {isa = PBXFileReference; lastKnownFileType = sourcecode.swift; path = Sub.swift; sourceTree = "<group>"; };
/* End PBXFileReference section */

/* Begin PBXFrameworksBuildPhase section */
		DBD87B6E2AA5CDDF009ACAB4 /* Frameworks */ = {
			isa = PBXFrameworksBuildPhase;
			buildActionMask = 2147483647;
			files = (
				DBD87B8F2AA6067E009ACAB4 /* TCACoordinators in Frameworks */,
				DBD87B852AA5CE3E009ACAB4 /* ComposableArchitecture in Frameworks */,
			);
			runOnlyForDeploymentPostprocessing = 0;
		};
/* End PBXFrameworksBuildPhase section */

/* Begin PBXGroup section */
		DBD87B682AA5CDDF009ACAB4 = {
			isa = PBXGroup;
			children = (
				DBD87B732AA5CDDF009ACAB4 /* TCAScope */,
				DBD87B722AA5CDDF009ACAB4 /* Products */,
			);
			sourceTree = "<group>";
		};
		DBD87B722AA5CDDF009ACAB4 /* Products */ = {
			isa = PBXGroup;
			children = (
				DBD87B712AA5CDDF009ACAB4 /* TCAScope.app */,
			);
			name = Products;
			sourceTree = "<group>";
		};
		DBD87B732AA5CDDF009ACAB4 /* TCAScope */ = {
			isa = PBXGroup;
			children = (
				DBD87B742AA5CDDF009ACAB4 /* TCAScopeApp.swift */,
				DBD87B902AA69CB5009ACAB4 /* ViewStore */,
				DBD87B782AA5CDE0009ACAB4 /* Assets.xcassets */,
				DBD87B7D2AA5CDE0009ACAB4 /* TCAScope.entitlements */,
				DBD87B7A2AA5CDE0009ACAB4 /* Preview Content */,
			);
			path = TCAScope;
			sourceTree = "<group>";
		};
		DBD87B7A2AA5CDE0009ACAB4 /* Preview Content */ = {
			isa = PBXGroup;
			children = (
				DBD87B7B2AA5CDE0009ACAB4 /* Preview Assets.xcassets */,
			);
			path = "Preview Content";
			sourceTree = "<group>";
		};
		DBD87B902AA69CB5009ACAB4 /* ViewStore */ = {
			isa = PBXGroup;
			children = (
				DBD87B762AA5CDDF009ACAB4 /* Main.swift */,
				DBD87B912AA69D00009ACAB4 /* Sub.swift */,
			);
			path = ViewStore;
			sourceTree = "<group>";
		};
/* End PBXGroup section */

/* Begin PBXNativeTarget section */
		DBD87B702AA5CDDF009ACAB4 /* TCAScope */ = {
			isa = PBXNativeTarget;
			buildConfigurationList = DBD87B802AA5CDE0009ACAB4 /* Build configuration list for PBXNativeTarget "TCAScope" */;
			buildPhases = (
				DBD87B6D2AA5CDDF009ACAB4 /* Sources */,
				DBD87B6E2AA5CDDF009ACAB4 /* Frameworks */,
				DBD87B6F2AA5CDDF009ACAB4 /* Resources */,
			);
			buildRules = (
			);
			dependencies = (
			);
			name = TCAScope;
			packageProductDependencies = (
				DBD87B842AA5CE3E009ACAB4 /* ComposableArchitecture */,
				DBD87B8E2AA6067E009ACAB4 /* TCACoordinators */,
			);
			productName = TCAScope;
			productReference = DBD87B712AA5CDDF009ACAB4 /* TCAScope.app */;
			productType = "com.apple.product-type.application";
		};
/* End PBXNativeTarget section */

/* Begin PBXProject section */
		DBD87B692AA5CDDF009ACAB4 /* Project object */ = {
			isa = PBXProject;
			attributes = {
				BuildIndependentTargetsInParallel = 1;
				LastSwiftUpdateCheck = 1420;
				LastUpgradeCheck = 1420;
				TargetAttributes = {
					DBD87B702AA5CDDF009ACAB4 = {
						CreatedOnToolsVersion = 14.2;
					};
				};
			};
			buildConfigurationList = DBD87B6C2AA5CDDF009ACAB4 /* Build configuration list for PBXProject "TCAScope" */;
			compatibilityVersion = "Xcode 14.0";
			developmentRegion = en;
			hasScannedForEncodings = 0;
			knownRegions = (
				en,
				Base,
			);
			mainGroup = DBD87B682AA5CDDF009ACAB4;
			packageReferences = (
				DBD87B832AA5CE3E009ACAB4 /* XCRemoteSwiftPackageReference "swift-composable-architecture" */,
				DBD87B8D2AA6067E009ACAB4 /* XCRemoteSwiftPackageReference "TCACoordinators" */,
			);
			productRefGroup = DBD87B722AA5CDDF009ACAB4 /* Products */;
			projectDirPath = "";
			projectRoot = "";
			targets = (
				DBD87B702AA5CDDF009ACAB4 /* TCAScope */,
			);
		};
/* End PBXProject section */

/* Begin PBXResourcesBuildPhase section */
		DBD87B6F2AA5CDDF009ACAB4 /* Resources */ = {
			isa = PBXResourcesBuildPhase;
			buildActionMask = 2147483647;
			files = (
				DBD87B7C2AA5CDE0009ACAB4 /* Preview Assets.xcassets in Resources */,
				DBD87B792AA5CDE0009ACAB4 /* Assets.xcassets in Resources */,
			);
			runOnlyForDeploymentPostprocessing = 0;
		};
/* End PBXResourcesBuildPhase section */

/* Begin PBXSourcesBuildPhase section */
		DBD87B6D2AA5CDDF009ACAB4 /* Sources */ = {
			isa = PBXSourcesBuildPhase;
			buildActionMask = 2147483647;
			files = (
				DBD87B922AA69D00009ACAB4 /* Sub.swift in Sources */,
				DBD87B772AA5CDDF009ACAB4 /* Main.swift in Sources */,
				DBD87B752AA5CDDF009ACAB4 /* TCAScopeApp.swift in Sources */,
			);
			runOnlyForDeploymentPostprocessing = 0;
		};
/* End PBXSourcesBuildPhase section */

/* Begin XCBuildConfiguration section */
		DBD87B7E2AA5CDE0009ACAB4 /* Debug */ = {
			isa = XCBuildConfiguration;
			buildSettings = {
				ALWAYS_SEARCH_USER_PATHS = NO;
				CLANG_ANALYZER_NONNULL = YES;
				CLANG_ANALYZER_NUMBER_OBJECT_CONVERSION = YES_AGGRESSIVE;
				CLANG_CXX_LANGUAGE_STANDARD = "gnu++20";
				CLANG_ENABLE_MODULES = YES;
				CLANG_ENABLE_OBJC_ARC = YES;
				CLANG_ENABLE_OBJC_WEAK = YES;
				CLANG_WARN_BLOCK_CAPTURE_AUTORELEASING = YES;
				CLANG_WARN_BOOL_CONVERSION = YES;
				CLANG_WARN_COMMA = YES;
				CLANG_WARN_CONSTANT_CONVERSION = YES;
				CLANG_WARN_DEPRECATED_OBJC_IMPLEMENTATIONS = YES;
				CLANG_WARN_DIRECT_OBJC_ISA_USAGE = YES_ERROR;
				CLANG_WARN_DOCUMENTATION_COMMENTS = YES;
				CLANG_WARN_EMPTY_BODY = YES;
				CLANG_WARN_ENUM_CONVERSION = YES;
				CLANG_WARN_INFINITE_RECURSION = YES;
				CLANG_WARN_INT_CONVERSION = YES;
				CLANG_WARN_NON_LITERAL_NULL_CONVERSION = YES;
				CLANG_WARN_OBJC_IMPLICIT_RETAIN_SELF = YES;
				CLANG_WARN_OBJC_LITERAL_CONVERSION = YES;
				CLANG_WARN_OBJC_ROOT_CLASS = YES_ERROR;
				CLANG_WARN_QUOTED_INCLUDE_IN_FRAMEWORK_HEADER = YES;
				CLANG_WARN_RANGE_LOOP_ANALYSIS = YES;
				CLANG_WARN_STRICT_PROTOTYPES = YES;
				CLANG_WARN_SUSPICIOUS_MOVE = YES;
				CLANG_WARN_UNGUARDED_AVAILABILITY = YES_AGGRESSIVE;
				CLANG_WARN_UNREACHABLE_CODE = YES;
				CLANG_WARN__DUPLICATE_METHOD_MATCH = YES;
				COPY_PHASE_STRIP = NO;
				DEBUG_INFORMATION_FORMAT = dwarf;
				ENABLE_STRICT_OBJC_MSGSEND = YES;
				ENABLE_TESTABILITY = YES;
				GCC_C_LANGUAGE_STANDARD = gnu11;
				GCC_DYNAMIC_NO_PIC = NO;
				GCC_NO_COMMON_BLOCKS = YES;
				GCC_OPTIMIZATION_LEVEL = 0;
				GCC_PREPROCESSOR_DEFINITIONS = (
					"DEBUG=1",
					"$(inherited)",
				);
				GCC_WARN_64_TO_32_BIT_CONVERSION = YES;
				GCC_WARN_ABOUT_RETURN_TYPE = YES_ERROR;
				GCC_WARN_UNDECLARED_SELECTOR = YES;
				GCC_WARN_UNINITIALIZED_AUTOS = YES_AGGRESSIVE;
				GCC_WARN_UNUSED_FUNCTION = YES;
				GCC_WARN_UNUSED_VARIABLE = YES;
				MACOSX_DEPLOYMENT_TARGET = 12.0;
				MTL_ENABLE_DEBUG_INFO = INCLUDE_SOURCE;
				MTL_FAST_MATH = YES;
				ONLY_ACTIVE_ARCH = YES;
				SDKROOT = macosx;
				SWIFT_ACTIVE_COMPILATION_CONDITIONS = DEBUG;
				SWIFT_OPTIMIZATION_LEVEL = "-Onone";
			};
			name = Debug;
		};
		DBD87B7F2AA5CDE0009ACAB4 /* Release */ = {
			isa = XCBuildConfiguration;
			buildSettings = {
				ALWAYS_SEARCH_USER_PATHS = NO;
				CLANG_ANALYZER_NONNULL = YES;
				CLANG_ANALYZER_NUMBER_OBJECT_CONVERSION = YES_AGGRESSIVE;
				CLANG_CXX_LANGUAGE_STANDARD = "gnu++20";
				CLANG_ENABLE_MODULES = YES;
				CLANG_ENABLE_OBJC_ARC = YES;
				CLANG_ENABLE_OBJC_WEAK = YES;
				CLANG_WARN_BLOCK_CAPTURE_AUTORELEASING = YES;
				CLANG_WARN_BOOL_CONVERSION = YES;
				CLANG_WARN_COMMA = YES;
				CLANG_WARN_CONSTANT_CONVERSION = YES;
				CLANG_WARN_DEPRECATED_OBJC_IMPLEMENTATIONS = YES;
				CLANG_WARN_DIRECT_OBJC_ISA_USAGE = YES_ERROR;
				CLANG_WARN_DOCUMENTATION_COMMENTS = YES;
				CLANG_WARN_EMPTY_BODY = YES;
				CLANG_WARN_ENUM_CONVERSION = YES;
				CLANG_WARN_INFINITE_RECURSION = YES;
				CLANG_WARN_INT_CONVERSION = YES;
				CLANG_WARN_NON_LITERAL_NULL_CONVERSION = YES;
				CLANG_WARN_OBJC_IMPLICIT_RETAIN_SELF = YES;
				CLANG_WARN_OBJC_LITERAL_CONVERSION = YES;
				CLANG_WARN_OBJC_ROOT_CLASS = YES_ERROR;
				CLANG_WARN_QUOTED_INCLUDE_IN_FRAMEWORK_HEADER = YES;
				CLANG_WARN_RANGE_LOOP_ANALYSIS = YES;
				CLANG_WARN_STRICT_PROTOTYPES = YES;
				CLANG_WARN_SUSPICIOUS_MOVE = YES;
				CLANG_WARN_UNGUARDED_AVAILABILITY = YES_AGGRESSIVE;
				CLANG_WARN_UNREACHABLE_CODE = YES;
				CLANG_WARN__DUPLICATE_METHOD_MATCH = YES;
				COPY_PHASE_STRIP = NO;
				DEBUG_INFORMATION_FORMAT = "dwarf-with-dsym";
				ENABLE_NS_ASSERTIONS = NO;
				ENABLE_STRICT_OBJC_MSGSEND = YES;
				GCC_C_LANGUAGE_STANDARD = gnu11;
				GCC_NO_COMMON_BLOCKS = YES;
				GCC_WARN_64_TO_32_BIT_CONVERSION = YES;
				GCC_WARN_ABOUT_RETURN_TYPE = YES_ERROR;
				GCC_WARN_UNDECLARED_SELECTOR = YES;
				GCC_WARN_UNINITIALIZED_AUTOS = YES_AGGRESSIVE;
				GCC_WARN_UNUSED_FUNCTION = YES;
				GCC_WARN_UNUSED_VARIABLE = YES;
				MACOSX_DEPLOYMENT_TARGET = 12.0;
				MTL_ENABLE_DEBUG_INFO = NO;
				MTL_FAST_MATH = YES;
				SDKROOT = macosx;
				SWIFT_COMPILATION_MODE = wholemodule;
				SWIFT_OPTIMIZATION_LEVEL = "-O";
			};
			name = Release;
		};
		DBD87B812AA5CDE0009ACAB4 /* Debug */ = {
			isa = XCBuildConfiguration;
			buildSettings = {
				ASSETCATALOG_COMPILER_APPICON_NAME = AppIcon;
				ASSETCATALOG_COMPILER_GLOBAL_ACCENT_COLOR_NAME = AccentColor;
				CODE_SIGN_ENTITLEMENTS = TCAScope/TCAScope.entitlements;
				CODE_SIGN_STYLE = Automatic;
				COMBINE_HIDPI_IMAGES = YES;
				CURRENT_PROJECT_VERSION = 1;
				DEVELOPMENT_ASSET_PATHS = "\"TCAScope/Preview Content\"";
				DEVELOPMENT_TEAM = AWR77X8V5R;
				ENABLE_HARDENED_RUNTIME = YES;
				ENABLE_PREVIEWS = YES;
				GENERATE_INFOPLIST_FILE = YES;
				INFOPLIST_KEY_NSHumanReadableCopyright = "";
				LD_RUNPATH_SEARCH_PATHS = (
					"$(inherited)",
					"@executable_path/../Frameworks",
				);
				MARKETING_VERSION = 1.0;
				PRODUCT_BUNDLE_IDENTIFIER = com.chmun.TCAScope;
				PRODUCT_NAME = "$(TARGET_NAME)";
				SWIFT_EMIT_LOC_STRINGS = YES;
				SWIFT_VERSION = 5.0;
			};
			name = Debug;
		};
		DBD87B822AA5CDE0009ACAB4 /* Release */ = {
			isa = XCBuildConfiguration;
			buildSettings = {
				ASSETCATALOG_COMPILER_APPICON_NAME = AppIcon;
				ASSETCATALOG_COMPILER_GLOBAL_ACCENT_COLOR_NAME = AccentColor;
				CODE_SIGN_ENTITLEMENTS = TCAScope/TCAScope.entitlements;
				CODE_SIGN_STYLE = Automatic;
				COMBINE_HIDPI_IMAGES = YES;
				CURRENT_PROJECT_VERSION = 1;
				DEVELOPMENT_ASSET_PATHS = "\"TCAScope/Preview Content\"";
				DEVELOPMENT_TEAM = AWR77X8V5R;
				ENABLE_HARDENED_RUNTIME = YES;
				ENABLE_PREVIEWS = YES;
				GENERATE_INFOPLIST_FILE = YES;
				INFOPLIST_KEY_NSHumanReadableCopyright = "";
				LD_RUNPATH_SEARCH_PATHS = (
					"$(inherited)",
					"@executable_path/../Frameworks",
				);
				MARKETING_VERSION = 1.0;
				PRODUCT_BUNDLE_IDENTIFIER = com.chmun.TCAScope;
				PRODUCT_NAME = "$(TARGET_NAME)";
				SWIFT_EMIT_LOC_STRINGS = YES;
				SWIFT_VERSION = 5.0;
			};
			name = Release;
		};
/* End XCBuildConfiguration section */

/* Begin XCConfigurationList section */
		DBD87B6C2AA5CDDF009ACAB4 /* Build configuration list for PBXProject "TCAScope" */ = {
			isa = XCConfigurationList;
			buildConfigurations = (
				DBD87B7E2AA5CDE0009ACAB4 /* Debug */,
				DBD87B7F2AA5CDE0009ACAB4 /* Release */,
			);
			defaultConfigurationIsVisible = 0;
			defaultConfigurationName = Release;
		};
		DBD87B802AA5CDE0009ACAB4 /* Build configuration list for PBXNativeTarget "TCAScope" */ = {
			isa = XCConfigurationList;
			buildConfigurations = (
				DBD87B812AA5CDE0009ACAB4 /* Debug */,
				DBD87B822AA5CDE0009ACAB4 /* Release */,
			);
			defaultConfigurationIsVisible = 0;
			defaultConfigurationName = Release;
		};
/* End XCConfigurationList section */

/* Begin XCRemoteSwiftPackageReference section */
		DBD87B832AA5CE3E009ACAB4 /* XCRemoteSwiftPackageReference "swift-composable-architecture" */ = {
			isa = XCRemoteSwiftPackageReference;
			repositoryURL = "https://github.com/pointfreeco/swift-composable-architecture.git";
			requirement = {
				kind = upToNextMajorVersion;
				minimumVersion = 1.0.0;
			};
		};
		DBD87B8D2AA6067E009ACAB4 /* XCRemoteSwiftPackageReference "TCACoordinators" */ = {
			isa = XCRemoteSwiftPackageReference;
			repositoryURL = "https://github.com/johnpatrickmorgan/TCACoordinators.git";
			requirement = {
				kind = upToNextMajorVersion;
				minimumVersion = 0.6.0;
			};
		};
/* End XCRemoteSwiftPackageReference section */

/* Begin XCSwiftPackageProductDependency section */
		DBD87B842AA5CE3E009ACAB4 /* ComposableArchitecture */ = {
			isa = XCSwiftPackageProductDependency;
			package = DBD87B832AA5CE3E009ACAB4 /* XCRemoteSwiftPackageReference "swift-composable-architecture" */;
			productName = ComposableArchitecture;
		};
		DBD87B8E2AA6067E009ACAB4 /* TCACoordinators */ = {
			isa = XCSwiftPackageProductDependency;
			package = DBD87B8D2AA6067E009ACAB4 /* XCRemoteSwiftPackageReference "TCACoordinators" */;
			productName = TCACoordinators;
		};
/* End XCSwiftPackageProductDependency section */
	};
	rootObject = DBD87B692AA5CDDF009ACAB4 /* Project object */;
}
